// !$*UTF8*$!
{
	archiveVersion = 1;
	classes = {
	};
	objectVersion = 48;
	objects = {

/* Begin PBXBuildFile section */
		0327601F1FE2D39E00F516DE /* FeedViewController.swift in Sources */ = {isa = PBXBuildFile; fileRef = 0327601E1FE2D39E00F516DE /* FeedViewController.swift */; };
		032760211FE2E04500F516DE /* CirlceView.swift in Sources */ = {isa = PBXBuildFile; fileRef = 032760201FE2E04500F516DE /* CirlceView.swift */; };
		038C44281FDFEB4800F736B6 /* AppDelegate.swift in Sources */ = {isa = PBXBuildFile; fileRef = 038C44271FDFEB4800F736B6 /* AppDelegate.swift */; };
		038C442A1FDFEB4800F736B6 /* SignInVC.swift in Sources */ = {isa = PBXBuildFile; fileRef = 038C44291FDFEB4800F736B6 /* SignInVC.swift */; };
		038C442D1FDFEB4800F736B6 /* Main.storyboard in Resources */ = {isa = PBXBuildFile; fileRef = 038C442B1FDFEB4800F736B6 /* Main.storyboard */; };
		038C442F1FDFEB4800F736B6 /* Assets.xcassets in Resources */ = {isa = PBXBuildFile; fileRef = 038C442E1FDFEB4800F736B6 /* Assets.xcassets */; };
		038C44321FDFEB4800F736B6 /* LaunchScreen.storyboard in Resources */ = {isa = PBXBuildFile; fileRef = 038C44301FDFEB4800F736B6 /* LaunchScreen.storyboard */; };
		038C443A1FDFEB7400F736B6 /* GoogleService-Info.plist in Resources */ = {isa = PBXBuildFile; fileRef = 038C44391FDFEB7400F736B6 /* GoogleService-Info.plist */; };
		039E61E81FE28B8E00E1DDFE /* FancyView.swift in Sources */ = {isa = PBXBuildFile; fileRef = 039E61E71FE28B8E00E1DDFE /* FancyView.swift */; };
		039E61EB1FE28BFC00E1DDFE /* Constants.swift in Sources */ = {isa = PBXBuildFile; fileRef = 039E61EA1FE28BFC00E1DDFE /* Constants.swift */; };
		039E61ED1FE28D5100E1DDFE /* RoundButton.swift in Sources */ = {isa = PBXBuildFile; fileRef = 039E61EC1FE28D5100E1DDFE /* RoundButton.swift */; };
		039E61EF1FE28E9500E1DDFE /* FancyField.swift in Sources */ = {isa = PBXBuildFile; fileRef = 039E61EE1FE28E9500E1DDFE /* FancyField.swift */; };
		039E61F11FE28F8800E1DDFE /* FancyButton.swift in Sources */ = {isa = PBXBuildFile; fileRef = 039E61F01FE28F8800E1DDFE /* FancyButton.swift */; };
		03BBFEED1FE3D957000C1563 /* PostTableViewCell.swift in Sources */ = {isa = PBXBuildFile; fileRef = 03BBFEEC1FE3D957000C1563 /* PostTableViewCell.swift */; };
		03BBFEF01FE3E558000C1563 /* DataService.swift in Sources */ = {isa = PBXBuildFile; fileRef = 03BBFEEF1FE3E558000C1563 /* DataService.swift */; };
		18334AD09A9D14230E286D7F /* Pods_devslopes_social.framework in Frameworks */ = {isa = PBXBuildFile; fileRef = 63B523F1818A1FF5B239CBE9 /* Pods_devslopes_social.framework */; };
/* End PBXBuildFile section */

/* Begin PBXFileReference section */
		0327601E1FE2D39E00F516DE /* FeedViewController.swift */ = {isa = PBXFileReference; lastKnownFileType = sourcecode.swift; path = FeedViewController.swift; sourceTree = "<group>"; };
		032760201FE2E04500F516DE /* CirlceView.swift */ = {isa = PBXFileReference; lastKnownFileType = sourcecode.swift; path = CirlceView.swift; sourceTree = "<group>"; };
		038C44241FDFEB4800F736B6 /* devslopes-social.app */ = {isa = PBXFileReference; explicitFileType = wrapper.application; includeInIndex = 0; path = "devslopes-social.app"; sourceTree = BUILT_PRODUCTS_DIR; };
		038C44271FDFEB4800F736B6 /* AppDelegate.swift */ = {isa = PBXFileReference; lastKnownFileType = sourcecode.swift; path = AppDelegate.swift; sourceTree = "<group>"; };
		038C44291FDFEB4800F736B6 /* SignInVC.swift */ = {isa = PBXFileReference; lastKnownFileType = sourcecode.swift; path = SignInVC.swift; sourceTree = "<group>"; };
		038C442C1FDFEB4800F736B6 /* Base */ = {isa = PBXFileReference; lastKnownFileType = file.storyboard; name = Base; path = Base.lproj/Main.storyboard; sourceTree = "<group>"; };
		038C442E1FDFEB4800F736B6 /* Assets.xcassets */ = {isa = PBXFileReference; lastKnownFileType = folder.assetcatalog; path = Assets.xcassets; sourceTree = "<group>"; };
		038C44311FDFEB4800F736B6 /* Base */ = {isa = PBXFileReference; lastKnownFileType = file.storyboard; name = Base; path = Base.lproj/LaunchScreen.storyboard; sourceTree = "<group>"; };
		038C44331FDFEB4800F736B6 /* Info.plist */ = {isa = PBXFileReference; lastKnownFileType = text.plist.xml; path = Info.plist; sourceTree = "<group>"; };
		038C44391FDFEB7400F736B6 /* GoogleService-Info.plist */ = {isa = PBXFileReference; fileEncoding = 4; lastKnownFileType = text.plist.xml; path = "GoogleService-Info.plist"; sourceTree = "<group>"; };
		039E61E71FE28B8E00E1DDFE /* FancyView.swift */ = {isa = PBXFileReference; lastKnownFileType = sourcecode.swift; path = FancyView.swift; sourceTree = "<group>"; };
		039E61EA1FE28BFC00E1DDFE /* Constants.swift */ = {isa = PBXFileReference; lastKnownFileType = sourcecode.swift; path = Constants.swift; sourceTree = "<group>"; };
		039E61EC1FE28D5100E1DDFE /* RoundButton.swift */ = {isa = PBXFileReference; lastKnownFileType = sourcecode.swift; path = RoundButton.swift; sourceTree = "<group>"; };
		039E61EE1FE28E9500E1DDFE /* FancyField.swift */ = {isa = PBXFileReference; lastKnownFileType = sourcecode.swift; path = FancyField.swift; sourceTree = "<group>"; };
		039E61F01FE28F8800E1DDFE /* FancyButton.swift */ = {isa = PBXFileReference; lastKnownFileType = sourcecode.swift; path = FancyButton.swift; sourceTree = "<group>"; };
		039E61F81FE29EE000E1DDFE /* devslopes-social.entitlements */ = {isa = PBXFileReference; lastKnownFileType = text.plist.entitlements; path = "devslopes-social.entitlements"; sourceTree = "<group>"; };
		03BBFEEC1FE3D957000C1563 /* PostTableViewCell.swift */ = {isa = PBXFileReference; lastKnownFileType = sourcecode.swift; path = PostTableViewCell.swift; sourceTree = "<group>"; };
		03BBFEEF1FE3E558000C1563 /* DataService.swift */ = {isa = PBXFileReference; lastKnownFileType = sourcecode.swift; path = DataService.swift; sourceTree = "<group>"; };
		2DF84586A3EFE4DD014425B3 /* Pods-devslopes-social.debug.xcconfig */ = {isa = PBXFileReference; includeInIndex = 1; lastKnownFileType = text.xcconfig; name = "Pods-devslopes-social.debug.xcconfig"; path = "Pods/Target Support Files/Pods-devslopes-social/Pods-devslopes-social.debug.xcconfig"; sourceTree = "<group>"; };
		63B523F1818A1FF5B239CBE9 /* Pods_devslopes_social.framework */ = {isa = PBXFileReference; explicitFileType = wrapper.framework; includeInIndex = 0; path = Pods_devslopes_social.framework; sourceTree = BUILT_PRODUCTS_DIR; };
		DA3109A05E53CB0F89010B9A /* Pods-devslopes-social.release.xcconfig */ = {isa = PBXFileReference; includeInIndex = 1; lastKnownFileType = text.xcconfig; name = "Pods-devslopes-social.release.xcconfig"; path = "Pods/Target Support Files/Pods-devslopes-social/Pods-devslopes-social.release.xcconfig"; sourceTree = "<group>"; };
/* End PBXFileReference section */

/* Begin PBXFrameworksBuildPhase section */
		038C44211FDFEB4800F736B6 /* Frameworks */ = {
			isa = PBXFrameworksBuildPhase;
			buildActionMask = 2147483647;
			files = (
				18334AD09A9D14230E286D7F /* Pods_devslopes_social.framework in Frameworks */,
			);
			runOnlyForDeploymentPostprocessing = 0;
		};
/* End PBXFrameworksBuildPhase section */

/* Begin PBXGroup section */
		038C441B1FDFEB4800F736B6 = {
			isa = PBXGroup;
			children = (
				038C44261FDFEB4800F736B6 /* devslopes-social */,
				038C44251FDFEB4800F736B6 /* Products */,
				9C4CE49B6A9EE5480CBE986A /* Pods */,
				C6E3651F565732BE6F54727B /* Frameworks */,
			);
			sourceTree = "<group>";
		};
		038C44251FDFEB4800F736B6 /* Products */ = {
			isa = PBXGroup;
			children = (
				038C44241FDFEB4800F736B6 /* devslopes-social.app */,
			);
			name = Products;
			sourceTree = "<group>";
		};
		038C44261FDFEB4800F736B6 /* devslopes-social */ = {
			isa = PBXGroup;
			children = (
				03BBFEEE1FE3E541000C1563 /* Services */,
				039E61F81FE29EE000E1DDFE /* devslopes-social.entitlements */,
				039E61E91FE28BF100E1DDFE /* Util */,
				038C443B1FDFEF5000F736B6 /* Model */,
				038C443C1FDFEF5400F736B6 /* View */,
				038C443D1FDFEF5800F736B6 /* Controller */,
				038C44271FDFEB4800F736B6 /* AppDelegate.swift */,
				038C442B1FDFEB4800F736B6 /* Main.storyboard */,
				038C442E1FDFEB4800F736B6 /* Assets.xcassets */,
				038C44301FDFEB4800F736B6 /* LaunchScreen.storyboard */,
				038C44331FDFEB4800F736B6 /* Info.plist */,
				038C44391FDFEB7400F736B6 /* GoogleService-Info.plist */,
			);
			path = "devslopes-social";
			sourceTree = "<group>";
		};
		038C443B1FDFEF5000F736B6 /* Model */ = {
			isa = PBXGroup;
			children = (
			);
			path = Model;
			sourceTree = "<group>";
		};
		038C443C1FDFEF5400F736B6 /* View */ = {
			isa = PBXGroup;
			children = (
				039E61E71FE28B8E00E1DDFE /* FancyView.swift */,
				039E61EC1FE28D5100E1DDFE /* RoundButton.swift */,
				039E61EE1FE28E9500E1DDFE /* FancyField.swift */,
				039E61F01FE28F8800E1DDFE /* FancyButton.swift */,
				032760201FE2E04500F516DE /* CirlceView.swift */,
				03BBFEEC1FE3D957000C1563 /* PostTableViewCell.swift */,
			);
			path = View;
			sourceTree = "<group>";
		};
		038C443D1FDFEF5800F736B6 /* Controller */ = {
			isa = PBXGroup;
			children = (
				038C44291FDFEB4800F736B6 /* SignInVC.swift */,
				0327601E1FE2D39E00F516DE /* FeedViewController.swift */,
			);
			path = Controller;
			sourceTree = "<group>";
		};
		039E61E91FE28BF100E1DDFE /* Util */ = {
			isa = PBXGroup;
			children = (
				039E61EA1FE28BFC00E1DDFE /* Constants.swift */,
			);
			path = Util;
			sourceTree = "<group>";
		};
		03BBFEEE1FE3E541000C1563 /* Services */ = {
			isa = PBXGroup;
			children = (
				03BBFEEF1FE3E558000C1563 /* DataService.swift */,
			);
			path = Services;
			sourceTree = "<group>";
		};
		9C4CE49B6A9EE5480CBE986A /* Pods */ = {
			isa = PBXGroup;
			children = (
				2DF84586A3EFE4DD014425B3 /* Pods-devslopes-social.debug.xcconfig */,
				DA3109A05E53CB0F89010B9A /* Pods-devslopes-social.release.xcconfig */,
			);
			name = Pods;
			sourceTree = "<group>";
		};
		C6E3651F565732BE6F54727B /* Frameworks */ = {
			isa = PBXGroup;
			children = (
				63B523F1818A1FF5B239CBE9 /* Pods_devslopes_social.framework */,
			);
			name = Frameworks;
			sourceTree = "<group>";
		};
/* End PBXGroup section */

/* Begin PBXNativeTarget section */
		038C44231FDFEB4800F736B6 /* devslopes-social */ = {
			isa = PBXNativeTarget;
			buildConfigurationList = 038C44361FDFEB4800F736B6 /* Build configuration list for PBXNativeTarget "devslopes-social" */;
			buildPhases = (
				9AC9905ADA8623B1AE784ADB /* [CP] Check Pods Manifest.lock */,
				038C44201FDFEB4800F736B6 /* Sources */,
				038C44211FDFEB4800F736B6 /* Frameworks */,
				038C44221FDFEB4800F736B6 /* Resources */,
				BA6B0F7264AD57F04EAE8CAD /* [CP] Embed Pods Frameworks */,
				7A25F502AECB02FA9189E278 /* [CP] Copy Pods Resources */,
			);
			buildRules = (
			);
			dependencies = (
			);
			name = "devslopes-social";
			productName = "devslopes-social";
			productReference = 038C44241FDFEB4800F736B6 /* devslopes-social.app */;
			productType = "com.apple.product-type.application";
		};
/* End PBXNativeTarget section */

/* Begin PBXProject section */
		038C441C1FDFEB4800F736B6 /* Project object */ = {
			isa = PBXProject;
			attributes = {
				LastSwiftUpdateCheck = 0900;
				LastUpgradeCheck = 0900;
				ORGANIZATIONNAME = TheAppExperts;
				TargetAttributes = {
					038C44231FDFEB4800F736B6 = {
						CreatedOnToolsVersion = 9.0.1;
						ProvisioningStyle = Automatic;
						SystemCapabilities = {
							com.apple.Keychain = {
								enabled = 0;
							};
						};
					};
				};
			};
			buildConfigurationList = 038C441F1FDFEB4800F736B6 /* Build configuration list for PBXProject "devslopes-social" */;
			compatibilityVersion = "Xcode 8.0";
			developmentRegion = en;
			hasScannedForEncodings = 0;
			knownRegions = (
				en,
				Base,
			);
			mainGroup = 038C441B1FDFEB4800F736B6;
			productRefGroup = 038C44251FDFEB4800F736B6 /* Products */;
			projectDirPath = "";
			projectRoot = "";
			targets = (
				038C44231FDFEB4800F736B6 /* devslopes-social */,
			);
		};
/* End PBXProject section */

/* Begin PBXResourcesBuildPhase section */
		038C44221FDFEB4800F736B6 /* Resources */ = {
			isa = PBXResourcesBuildPhase;
			buildActionMask = 2147483647;
			files = (
				038C44321FDFEB4800F736B6 /* LaunchScreen.storyboard in Resources */,
				038C443A1FDFEB7400F736B6 /* GoogleService-Info.plist in Resources */,
				038C442F1FDFEB4800F736B6 /* Assets.xcassets in Resources */,
				038C442D1FDFEB4800F736B6 /* Main.storyboard in Resources */,
			);
			runOnlyForDeploymentPostprocessing = 0;
		};
/* End PBXResourcesBuildPhase section */

/* Begin PBXShellScriptBuildPhase section */
		7A25F502AECB02FA9189E278 /* [CP] Copy Pods Resources */ = {
			isa = PBXShellScriptBuildPhase;
			buildActionMask = 2147483647;
			files = (
			);
			inputPaths = (
			);
			name = "[CP] Copy Pods Resources";
			outputPaths = (
			);
			runOnlyForDeploymentPostprocessing = 0;
			shellPath = /bin/sh;
			shellScript = "\"${SRCROOT}/Pods/Target Support Files/Pods-devslopes-social/Pods-devslopes-social-resources.sh\"\n";
			showEnvVarsInLog = 0;
		};
		9AC9905ADA8623B1AE784ADB /* [CP] Check Pods Manifest.lock */ = {
			isa = PBXShellScriptBuildPhase;
			buildActionMask = 2147483647;
			files = (
			);
			inputPaths = (
				"${PODS_PODFILE_DIR_PATH}/Podfile.lock",
				"${PODS_ROOT}/Manifest.lock",
			);
			name = "[CP] Check Pods Manifest.lock";
			outputPaths = (
				"$(DERIVED_FILE_DIR)/Pods-devslopes-social-checkManifestLockResult.txt",
			);
			runOnlyForDeploymentPostprocessing = 0;
			shellPath = /bin/sh;
			shellScript = "diff \"${PODS_PODFILE_DIR_PATH}/Podfile.lock\" \"${PODS_ROOT}/Manifest.lock\" > /dev/null\nif [ $? != 0 ] ; then\n    # print error to STDERR\n    echo \"error: The sandbox is not in sync with the Podfile.lock. Run 'pod install' or update your CocoaPods installation.\" >&2\n    exit 1\nfi\n# This output is used by Xcode 'outputs' to avoid re-running this script phase.\necho \"SUCCESS\" > \"${SCRIPT_OUTPUT_FILE_0}\"\n";
			showEnvVarsInLog = 0;
		};
		BA6B0F7264AD57F04EAE8CAD /* [CP] Embed Pods Frameworks */ = {
			isa = PBXShellScriptBuildPhase;
			buildActionMask = 2147483647;
			files = (
			);
			inputPaths = (
				"${SRCROOT}/Pods/Target Support Files/Pods-devslopes-social/Pods-devslopes-social-frameworks.sh",
				"${BUILT_PRODUCTS_DIR}/Bolts/Bolts.framework",
				"${BUILT_PRODUCTS_DIR}/FBSDKCoreKit/FBSDKCoreKit.framework",
				"${BUILT_PRODUCTS_DIR}/FBSDKLoginKit/FBSDKLoginKit.framework",
				"${BUILT_PRODUCTS_DIR}/GTMSessionFetcher/GTMSessionFetcher.framework",
				"${BUILT_PRODUCTS_DIR}/GoogleToolboxForMac/GoogleToolboxForMac.framework",
				"${BUILT_PRODUCTS_DIR}/SwiftKeychainWrapper/SwiftKeychainWrapper.framework",
				"${BUILT_PRODUCTS_DIR}/leveldb-library/leveldb.framework",
				"${BUILT_PRODUCTS_DIR}/nanopb/nanopb.framework",
			);
			name = "[CP] Embed Pods Frameworks";
			outputPaths = (
				"${TARGET_BUILD_DIR}/${FRAMEWORKS_FOLDER_PATH}/Bolts.framework",
				"${TARGET_BUILD_DIR}/${FRAMEWORKS_FOLDER_PATH}/FBSDKCoreKit.framework",
				"${TARGET_BUILD_DIR}/${FRAMEWORKS_FOLDER_PATH}/FBSDKLoginKit.framework",
				"${TARGET_BUILD_DIR}/${FRAMEWORKS_FOLDER_PATH}/GTMSessionFetcher.framework",
				"${TARGET_BUILD_DIR}/${FRAMEWORKS_FOLDER_PATH}/GoogleToolboxForMac.framework",
				"${TARGET_BUILD_DIR}/${FRAMEWORKS_FOLDER_PATH}/SwiftKeychainWrapper.framework",
				"${TARGET_BUILD_DIR}/${FRAMEWORKS_FOLDER_PATH}/leveldb.framework",
				"${TARGET_BUILD_DIR}/${FRAMEWORKS_FOLDER_PATH}/nanopb.framework",
			);
			runOnlyForDeploymentPostprocessing = 0;
			shellPath = /bin/sh;
			shellScript = "\"${SRCROOT}/Pods/Target Support Files/Pods-devslopes-social/Pods-devslopes-social-frameworks.sh\"\n";
			showEnvVarsInLog = 0;
		};
/* End PBXShellScriptBuildPhase section */

/* Begin PBXSourcesBuildPhase section */
		038C44201FDFEB4800F736B6 /* Sources */ = {
			isa = PBXSourcesBuildPhase;
			buildActionMask = 2147483647;
			files = (
				039E61EF1FE28E9500E1DDFE /* FancyField.swift in Sources */,
				038C442A1FDFEB4800F736B6 /* SignInVC.swift in Sources */,
				039E61ED1FE28D5100E1DDFE /* RoundButton.swift in Sources */,
				032760211FE2E04500F516DE /* CirlceView.swift in Sources */,
				039E61F11FE28F8800E1DDFE /* FancyButton.swift in Sources */,
				03BBFEF01FE3E558000C1563 /* DataService.swift in Sources */,
				038C44281FDFEB4800F736B6 /* AppDelegate.swift in Sources */,
				039E61E81FE28B8E00E1DDFE /* FancyView.swift in Sources */,
				03BBFEED1FE3D957000C1563 /* PostTableViewCell.swift in Sources */,
				0327601F1FE2D39E00F516DE /* FeedViewController.swift in Sources */,
				039E61EB1FE28BFC00E1DDFE /* Constants.swift in Sources */,
			);
			runOnlyForDeploymentPostprocessing = 0;
		};
/* End PBXSourcesBuildPhase section */

/* Begin PBXVariantGroup section */
		038C442B1FDFEB4800F736B6 /* Main.storyboard */ = {
			isa = PBXVariantGroup;
			children = (
				038C442C1FDFEB4800F736B6 /* Base */,
			);
			name = Main.storyboard;
			sourceTree = "<group>";
		};
		038C44301FDFEB4800F736B6 /* LaunchScreen.storyboard */ = {
			isa = PBXVariantGroup;
			children = (
				038C44311FDFEB4800F736B6 /* Base */,
			);
			name = LaunchScreen.storyboard;
			sourceTree = "<group>";
		};
/* End PBXVariantGroup section */

/* Begin XCBuildConfiguration section */
		038C44341FDFEB4800F736B6 /* Debug */ = {
			isa = XCBuildConfiguration;
			buildSettings = {
				ALWAYS_SEARCH_USER_PATHS = NO;
				CLANG_ANALYZER_NONNULL = YES;
				CLANG_ANALYZER_NUMBER_OBJECT_CONVERSION = YES_AGGRESSIVE;
				CLANG_CXX_LANGUAGE_STANDARD = "gnu++14";
				CLANG_CXX_LIBRARY = "libc++";
				CLANG_ENABLE_MODULES = YES;
				CLANG_ENABLE_OBJC_ARC = YES;
				CLANG_WARN_BLOCK_CAPTURE_AUTORELEASING = YES;
				CLANG_WARN_BOOL_CONVERSION = YES;
				CLANG_WARN_COMMA = YES;
				CLANG_WARN_CONSTANT_CONVERSION = YES;
				CLANG_WARN_DIRECT_OBJC_ISA_USAGE = YES_ERROR;
				CLANG_WARN_DOCUMENTATION_COMMENTS = YES;
				CLANG_WARN_EMPTY_BODY = YES;
				CLANG_WARN_ENUM_CONVERSION = YES;
				CLANG_WARN_INFINITE_RECURSION = YES;
				CLANG_WARN_INT_CONVERSION = YES;
				CLANG_WARN_NON_LITERAL_NULL_CONVERSION = YES;
				CLANG_WARN_OBJC_LITERAL_CONVERSION = YES;
				CLANG_WARN_OBJC_ROOT_CLASS = YES_ERROR;
				CLANG_WARN_RANGE_LOOP_ANALYSIS = YES;
				CLANG_WARN_STRICT_PROTOTYPES = YES;
				CLANG_WARN_SUSPICIOUS_MOVE = YES;
				CLANG_WARN_UNGUARDED_AVAILABILITY = YES_AGGRESSIVE;
				CLANG_WARN_UNREACHABLE_CODE = YES;
				CLANG_WARN__DUPLICATE_METHOD_MATCH = YES;
				CODE_SIGN_IDENTITY = "iPhone Developer";
				COPY_PHASE_STRIP = NO;
				DEBUG_INFORMATION_FORMAT = dwarf;
				ENABLE_STRICT_OBJC_MSGSEND = YES;
				ENABLE_TESTABILITY = YES;
				GCC_C_LANGUAGE_STANDARD = gnu11;
				GCC_DYNAMIC_NO_PIC = NO;
				GCC_NO_COMMON_BLOCKS = YES;
				GCC_OPTIMIZATION_LEVEL = 0;
				GCC_PREPROCESSOR_DEFINITIONS = (
					"DEBUG=1",
					"$(inherited)",
				);
				GCC_WARN_64_TO_32_BIT_CONVERSION = YES;
				GCC_WARN_ABOUT_RETURN_TYPE = YES_ERROR;
				GCC_WARN_UNDECLARED_SELECTOR = YES;
				GCC_WARN_UNINITIALIZED_AUTOS = YES_AGGRESSIVE;
				GCC_WARN_UNUSED_FUNCTION = YES;
				GCC_WARN_UNUSED_VARIABLE = YES;
				IPHONEOS_DEPLOYMENT_TARGET = 11.0;
				MTL_ENABLE_DEBUG_INFO = YES;
				ONLY_ACTIVE_ARCH = YES;
				SDKROOT = iphoneos;
				SWIFT_ACTIVE_COMPILATION_CONDITIONS = DEBUG;
				SWIFT_OPTIMIZATION_LEVEL = "-Onone";
			};
			name = Debug;
		};
		038C44351FDFEB4800F736B6 /* Release */ = {
			isa = XCBuildConfiguration;
			buildSettings = {
				ALWAYS_SEARCH_USER_PATHS = NO;
				CLANG_ANALYZER_NONNULL = YES;
				CLANG_ANALYZER_NUMBER_OBJECT_CONVERSION = YES_AGGRESSIVE;
				CLANG_CXX_LANGUAGE_STANDARD = "gnu++14";
				CLANG_CXX_LIBRARY = "libc++";
				CLANG_ENABLE_MODULES = YES;
				CLANG_ENABLE_OBJC_ARC = YES;
				CLANG_WARN_BLOCK_CAPTURE_AUTORELEASING = YES;
				CLANG_WARN_BOOL_CONVERSION = YES;
				CLANG_WARN_COMMA = YES;
				CLANG_WARN_CONSTANT_CONVERSION = YES;
				CLANG_WARN_DIRECT_OBJC_ISA_USAGE = YES_ERROR;
				CLANG_WARN_DOCUMENTATION_COMMENTS = YES;
				CLANG_WARN_EMPTY_BODY = YES;
				CLANG_WARN_ENUM_CONVERSION = YES;
				CLANG_WARN_INFINITE_RECURSION = YES;
				CLANG_WARN_INT_CONVERSION = YES;
				CLANG_WARN_NON_LITERAL_NULL_CONVERSION = YES;
				CLANG_WARN_OBJC_LITERAL_CONVERSION = YES;
				CLANG_WARN_OBJC_ROOT_CLASS = YES_ERROR;
				CLANG_WARN_RANGE_LOOP_ANALYSIS = YES;
				CLANG_WARN_STRICT_PROTOTYPES = YES;
				CLANG_WARN_SUSPICIOUS_MOVE = YES;
				CLANG_WARN_UNGUARDED_AVAILABILITY = YES_AGGRESSIVE;
				CLANG_WARN_UNREACHABLE_CODE = YES;
				CLANG_WARN__DUPLICATE_METHOD_MATCH = YES;
				CODE_SIGN_IDENTITY = "iPhone Developer";
				COPY_PHASE_STRIP = NO;
				DEBUG_INFORMATION_FORMAT = "dwarf-with-dsym";
				ENABLE_NS_ASSERTIONS = NO;
				ENABLE_STRICT_OBJC_MSGSEND = YES;
				GCC_C_LANGUAGE_STANDARD = gnu11;
				GCC_NO_COMMON_BLOCKS = YES;
				GCC_WARN_64_TO_32_BIT_CONVERSION = YES;
				GCC_WARN_ABOUT_RETURN_TYPE = YES_ERROR;
				GCC_WARN_UNDECLARED_SELECTOR = YES;
				GCC_WARN_UNINITIALIZED_AUTOS = YES_AGGRESSIVE;
				GCC_WARN_UNUSED_FUNCTION = YES;
				GCC_WARN_UNUSED_VARIABLE = YES;
				IPHONEOS_DEPLOYMENT_TARGET = 11.0;
				MTL_ENABLE_DEBUG_INFO = NO;
				SDKROOT = iphoneos;
				SWIFT_OPTIMIZATION_LEVEL = "-Owholemodule";
				VALIDATE_PRODUCT = YES;
			};
			name = Release;
		};
		038C44371FDFEB4800F736B6 /* Debug */ = {
			isa = XCBuildConfiguration;
			baseConfigurationReference = 2DF84586A3EFE4DD014425B3 /* Pods-devslopes-social.debug.xcconfig */;
			buildSettings = {
				ASSETCATALOG_COMPILER_APPICON_NAME = AppIcon;
				CODE_SIGN_STYLE = Automatic;
				DEVELOPMENT_TEAM = WHW5C4JA8E;
				FRAMEWORK_SEARCH_PATHS = (
					"$(inherited)",
					"$(PROJECT_DIR)",
				);
				INFOPLIST_FILE = "devslopes-social/Info.plist";
				LD_RUNPATH_SEARCH_PATHS = "$(inherited) @executable_path/Frameworks";
				PRODUCT_BUNDLE_IDENTIFIER = "com.TheAppExperts.devslopes-social";
				PRODUCT_NAME = "$(TARGET_NAME)";
				SWIFT_VERSION = 4.0;
				TARGETED_DEVICE_FAMILY = "1,2";
			};
			name = Debug;
		};
		038C44381FDFEB4800F736B6 /* Release */ = {
			isa = XCBuildConfiguration;
			baseConfigurationReference = DA3109A05E53CB0F89010B9A /* Pods-devslopes-social.release.xcconfig */;
			buildSettings = {
				ASSETCATALOG_COMPILER_APPICON_NAME = AppIcon;
				CODE_SIGN_STYLE = Automatic;
				DEVELOPMENT_TEAM = WHW5C4JA8E;
				FRAMEWORK_SEARCH_PATHS = (
					"$(inherited)",
					"$(PROJECT_DIR)",
				);
				INFOPLIST_FILE = "devslopes-social/Info.plist";
				LD_RUNPATH_SEARCH_PATHS = "$(inherited) @executable_path/Frameworks";
				PRODUCT_BUNDLE_IDENTIFIER = "com.TheAppExperts.devslopes-social";
				PRODUCT_NAME = "$(TARGET_NAME)";
				SWIFT_VERSION = 4.0;
				TARGETED_DEVICE_FAMILY = "1,2";
			};
			name = Release;
		};
/* End XCBuildConfiguration section */

/* Begin XCConfigurationList section */
		038C441F1FDFEB4800F736B6 /* Build configuration list for PBXProject "devslopes-social" */ = {
			isa = XCConfigurationList;
			buildConfigurations = (
				038C44341FDFEB4800F736B6 /* Debug */,
				038C44351FDFEB4800F736B6 /* Release */,
			);
			defaultConfigurationIsVisible = 0;
			defaultConfigurationName = Release;
		};
		038C44361FDFEB4800F736B6 /* Build configuration list for PBXNativeTarget "devslopes-social" */ = {
			isa = XCConfigurationList;
			buildConfigurations = (
				038C44371FDFEB4800F736B6 /* Debug */,
				038C44381FDFEB4800F736B6 /* Release */,
			);
			defaultConfigurationIsVisible = 0;
			defaultConfigurationName = Release;
		};
/* End XCConfigurationList section */
	};
	rootObject = 038C441C1FDFEB4800F736B6 /* Project object */;
}
